hash: 251702be9dceccd82e2c073ace8c5e4ba9d8d75fe52bc0936592258d41e038ea
updated: 2016-05-05T13:03:46.569839922-07:00
imports:
- name: github.com/golang/protobuf
  version: 1f161a2d942a4b0d1c4e77d8cef590871a2b26ac
  subpackages:
  - proto
- name: github.com/rcrowley/go-metrics
  version: 1f161a2d942a4b0d1c4e77d8cef590871a2b26ac
- name: github.com/samuel/go-thrift
  version: 1f161a2d942a4b0d1c4e77d8cef590871a2b26ac
  subpackages:
  - examples/scribe
  - thrift
- name: golang.org/x/net
  version: 1f161a2d942a4b0d1c4e77d8cef590871a2b26ac
  subpackages:
  - context
- name: google.golang.org/appengine
  version: 1f161a2d942a4b0d1c4e77d8cef590871a2b26ac
  subpackages:
  - datastore
  - internal
  - internal/datastore
  - internal/app_identity
  - internal/modules
  - internal/base
  - internal/log
  - internal/remote_api
- name: gopkg.in/vmihailenco/msgpack.v2
  version: 1f161a2d942a4b0d1c4e77d8cef590871a2b26ac
  subpackages:
  - codes
devImports: []
